
Microsoft Visual Studio Solution File, Format Version 12.00
# Visual Studio Version 17
VisualStudioVersion = 17.10.35122.118
MinimumVisualStudioVersion = 10.0.40219.1
Project("{FAE04EC0-301F-11D3-BF4B-00C04F79EFBC}") = "BlazorSampleAppServer", "BlazorSampleAppServer\BlazorSampleAppServer.csproj", "{2FEC8435-D02C-4F8A-97D7-888C90AFE491}"
EndProject
Global
	GlobalSection(SolutionConfigurationPlatforms) = preSolution
		Debug|Any CPU = Debug|Any CPU
		Release|Any CPU = Release|Any CPU
	EndGlobalSection
	GlobalSection(ProjectConfigurationPlatforms) = postSolution
		{2FEC8435-D02C-4F8A-97D7-888C90AFE491}.Debug|Any CPU.ActiveCfg = Debug|Any CPU
		{2FEC8435-D02C-4F8A-97D7-888C90AFE491}.Debug|Any CPU.Build.0 = Debug|Any CPU
		{2FEC8435-D02C-4F8A-97D7-888C90AFE491}.Release|Any CPU.ActiveCfg = Release|Any CPU
		{2FEC8435-D02C-4F8A-97D7-888C90AFE491}.Release|Any CPU.Build.0 = Release|Any CPU
	EndGlobalSection
	GlobalSection(SolutionProperties) = preSolution
		HideSolutionNode = FALSE
	EndGlobalSection
	GlobalSection(ExtensibilityGlobals) = postSolution
		SolutionGuid = {982D21FA-AA46-4ADA-BB2A-B4F8987E0BAE}
	EndGlobalSection
EndGlobal
